github.com/shurcooL/graphql v0.0.0-20240915155400-7ee5256398cf h1:o1uxfymjZ7jZ4MsgCErcwWGtVKSiNAXtS59Lhs6uI/g=
github.com/shurcooL/graphql v0.0.0-20240915155400-7ee5256398cf/go.mod h1:9dIRpgIY7hVhoqfe0/FcYp0bpInZaT7dc3BYOprrIUE=
golang.org/x/oauth2 v0.35.0 h1:Mv2mzuHuZuY2+bkyWXIHMfhNdJAdwW3FuWeCPYN5GVQ=
golang.org/x/oauth2 v0.35.0/go.mod h1:lzm5WQJQwKZ3nwavOZ3IS5Aulzxi68dUSgRHujetwEA=
